{
  "lockfile_version": "1",
  "packages": {
    "github:NixOS/nixpkgs/nixpkgs-unstable": {
      "last_modified": "2026-03-07T23:46:50Z",
      "resolved": "github:NixOS/nixpkgs/0e6cdd5be64608ef630c2e41f8d51d484468492f?lastModified=1772927210"
    },
    "hashcat@latest": {
      "last_modified": "2026-02-23T15:40:43Z",
      "resolved": "github:NixOS/nixpkgs/80d901ec0377e19ac3f7bb8c035201e2e098cc97#hashcat",
      "source": "devbox-search",
      "version": "7.1.2",
      "systems": {
        "aarch64-darwin": {
          "outputs": [
            {
              "name": "out",
              "path": "/nix/store/1p880n2jlvifwv04km5mi5vd36d6yyd5-hashcat-7.1.2",
              "default": true
            }
          ],
          "store_path": "/nix/store/1p880n2jlvifwv04km5mi5vd36d6yyd5-hashcat-7.1.2"
        },
        "aarch64-linux": {
          "outputs": [
            {
              "name": "out",
              "path": "/nix/store/l89fdspm0hfdcw78fij138j5ds317wcr-hashcat-7.1.2",
              "default": true
            }
          ],
          "store_path": "/nix/store/l89fdspm0hfdcw78fij138j5ds317wcr-hashcat-7.1.2"
        },
        "x86_64-darwin": {
          "outputs": [
            {
              "name": "out",
              "path": "/nix/store/nz6i17qqqwlhvz4scwhhbbkwq3kqvrxj-hashcat-7.1.2",
              "default": true
            }
          ],
          "store_path": "/nix/store/nz6i17qqqwlhvz4scwhhbbkwq3kqvrxj-hashcat-7.1.2"
        },
        "x86_64-linux": {
          "outputs": [
            {
              "name": "out",
              "path": "/nix/store/m0s05sdfvljvimmpkk1hdk3w0g8kncfx-hashcat-7.1.2",
              "default": true
            }
          ],
          "store_path": "/nix/store/m0s05sdfvljvimmpkk1hdk3w0g8kncfx-hashcat-7.1.2"
        }
      }
    },
    "python@latest": {
      "last_modified": "2026-02-23T15:40:43Z",
      "plugin_version": "0.0.4",
      "resolved": "github:NixOS/nixpkgs/80d901ec0377e19ac3f7bb8c035201e2e098cc97#python314",
      "source": "devbox-search",
      "version": "3.14.3",
      "systems": {
        "aarch64-darwin": {
          "outputs": [
            {
              "name": "out",
              "path": "/nix/store/gzycj9hwfmvm8qvh41lf8afmcdxnriig-python3-3.14.3",
              "default": true
            }
          ],
          "store_path": "/nix/store/gzycj9hwfmvm8qvh41lf8afmcdxnriig-python3-3.14.3"
        },
        "aarch64-linux": {
          "outputs": [
            {
              "name": "out",
              "path": "/nix/store/qq0qwcldmiylcy4c0a0xilqwmbkmjd3y-python3-3.14.3",
              "default": true
            },
            {
              "name": "debug",
              "path": "/nix/store/vy7zp00nd9n4pw51ldljbal75hznf5ns-python3-3.14.3-debug"
            }
          ],
          "store_path": "/nix/store/qq0qwcldmiylcy4c0a0xilqwmbkmjd3y-python3-3.14.3"
        },
        "x86_64-darwin": {
          "outputs": [
            {
              "name": "out",
              "path": "/nix/store/axbfzmxga1ka88m9fvn960nybc48i9h5-python3-3.14.3",
              "default": true
            }
          ],
          "store_path": "/nix/store/axbfzmxga1ka88m9fvn960nybc48i9h5-python3-3.14.3"
        },
        "x86_64-linux": {
          "outputs": [
            {
              "name": "out",
              "path": "/nix/store/8gnchv834z56s561v3sx2h0ra1a2xn46-python3-3.14.3",
              "default": true
            },
            {
              "name": "debug",
              "path": "/nix/store/lqaaivl5ppkgprnawizmzixcjx2bw4hi-python3-3.14.3-debug"
            }
          ],
          "store_path": "/nix/store/8gnchv834z56s561v3sx2h0ra1a2xn46-python3-3.14.3"
        }
      }
    },
    "qpdf@latest": {
      "last_modified": "2026-03-05T18:52:33Z",
      "resolved": "github:NixOS/nixpkgs/917fec990948658ef1ccd07cef2a1ef060786846#qpdf",
      "source": "devbox-search",
      "version": "12.2.0",
      "systems": {
        "aarch64-darwin": {
          "outputs": [
            {
              "name": "bin",
              "path": "/nix/store/7zykcr19hwl5ry3iw51jf03l6wnhacrz-qpdf-12.2.0-bin",
              "default": true
            },
            {
              "name": "man",
              "path": "/nix/store/59sffxql9p44i3sbr259xivy4pa4mvg2-qpdf-12.2.0-man",
              "default": true
            },
            {
              "name": "out",
              "path": "/nix/store/rnqjxpy6k46zg2j35ak1bx34kmaa9yvr-qpdf-12.2.0"
            },
            {
              "name": "doc",
              "path": "/nix/store/1ihs4vkh724xplci2nl5vp33ynx278lw-qpdf-12.2.0-doc"
            },
            {
              "name": "lib",
              "path": "/nix/store/h43i2zwmgqhqlmw4kbv1ssvjrsg19y49-qpdf-12.2.0-lib"
            }
          ],
          "store_path": "/nix/store/7zykcr19hwl5ry3iw51jf03l6wnhacrz-qpdf-12.2.0-bin"
        },
        "aarch64-linux": {
          "outputs": [
            {
              "name": "bin",
              "path": "/nix/store/w4z4k82kb325p74rpcqyd6vfvndb71kn-qpdf-12.2.0-bin",
              "default": true
            },
            {
              "name": "man",
              "path": "/nix/store/hwvnkpz118ywcm3x839261dr6cfg34ks-qpdf-12.2.0-man",
              "default": true
            },
            {
              "name": "doc",
              "path": "/nix/store/v2vwfgaig456k7wkil6zda7s76i8kahq-qpdf-12.2.0-doc"
            },
            {
              "name": "lib",
              "path": "/nix/store/ck9haws50xkmhkbrma3zqrvyfhanbf2x-qpdf-12.2.0-lib"
            },
            {
              "name": "out",
              "path": "/nix/store/mfdrlvxxfp6r7c3z4bhj79pa3jnrmxyk-qpdf-12.2.0"
            }
          ],
          "store_path": "/nix/store/w4z4k82kb325p74rpcqyd6vfvndb71kn-qpdf-12.2.0-bin"
        },
        "x86_64-darwin": {
          "outputs": [
            {
              "name": "bin",
              "path": "/nix/store/rw6vss7yyxfn4s78dyjdzbsxfgfm2y1j-qpdf-12.2.0-bin",
              "default": true
            },
            {
              "name": "man",
              "path": "/nix/store/rdrasy8cz7p3al1whrcd36xmpli9jsbl-qpdf-12.2.0-man",
              "default": true
            },
            {
              "name": "doc",
              "path": "/nix/store/vhxqqwh06awm6pppc3bbw4lh4isibf6k-qpdf-12.2.0-doc"
            },
            {
              "name": "lib",
              "path": "/nix/store/77wixkllvfz60i82fq4n9l0apfbzj2al-qpdf-12.2.0-lib"
            },
            {
              "name": "out",
              "path": "/nix/store/bs53wr1rc5s24k309lzrf5388lhnr1l1-qpdf-12.2.0"
            }
          ],
          "store_path": "/nix/store/rw6vss7yyxfn4s78dyjdzbsxfgfm2y1j-qpdf-12.2.0-bin"
        },
        "x86_64-linux": {
          "outputs": [
            {
              "name": "bin",
              "path": "/nix/store/vkszaa1758g67hbm69lp3vsgvvvp6iqw-qpdf-12.2.0-bin",
              "default": true
            },
            {
              "name": "man",
              "path": "/nix/store/97kjfdapjj0afg8awn4rzq848qsw78jn-qpdf-12.2.0-man",
              "default": true
            },
            {
              "name": "doc",
              "path": "/nix/store/zw5rlnylf225r11wpxyhlxn8w853h668-qpdf-12.2.0-doc"
            },
            {
              "name": "lib",
              "path": "/nix/store/0l4zdmcn2crhr7dfxr9b6jbrmaf32428-qpdf-12.2.0-lib"
            },
            {
              "name": "out",
              "path": "/nix/store/vl3vcai1k9hvfnw28bziq1p32flabfdf-qpdf-12.2.0"
            }
          ],
          "store_path": "/nix/store/vkszaa1758g67hbm69lp3vsgvvvp6iqw-qpdf-12.2.0-bin"
        }
      }
    },
    "uv@latest": {
      "last_modified": "2026-02-27T06:27:13Z",
      "resolved": "github:NixOS/nixpkgs/c0f3d81a7ddbc2b1332be0d8481a672b4f6004d6#uv",
      "source": "devbox-search",
      "version": "0.10.6",
      "systems": {
        "aarch64-darwin": {
          "outputs": [
            {
              "name": "out",
              "path": "/nix/store/61a5czczvhkkpklp7m1v9s5jgx831n5k-uv-0.10.6",
              "default": true
            }
          ],
          "store_path": "/nix/store/61a5czczvhkkpklp7m1v9s5jgx831n5k-uv-0.10.6"
        },
        "aarch64-linux": {
          "outputs": [
            {
              "name": "out",
              "path": "/nix/store/idlqqwmwna55bqp3cm0ffd9fsl4lqq53-uv-0.10.6",
              "default": true
            }
          ],
          "store_path": "/nix/store/idlqqwmwna55bqp3cm0ffd9fsl4lqq53-uv-0.10.6"
        },
        "x86_64-darwin": {
          "outputs": [
            {
              "name": "out",
              "path": "/nix/store/962hr6lsb7fr36rj1yxwmdhh7a3i4c2g-uv-0.10.6",
              "default": true
            }
          ],
          "store_path": "/nix/store/962hr6lsb7fr36rj1yxwmdhh7a3i4c2g-uv-0.10.6"
        },
        "x86_64-linux": {
          "outputs": [
            {
              "name": "out",
              "path": "/nix/store/45bqnn1avsw82rxbigdy4app32aiqd8a-uv-0.10.6",
              "default": true
            }
          ],
          "store_path": "/nix/store/45bqnn1avsw82rxbigdy4app32aiqd8a-uv-0.10.6"
        }
      }
    }
  }
}
